
Microsoft Visual Studio Solution File, Format Version 12.00
# Visual Studio Version 17
VisualStudioVersion = 17.7.34031.279
MinimumVisualStudioVersion = 10.0.40219.1
Project("{FAE04EC0-301F-11D3-BF4B-00C04F79EFBC}") = "TekkenModManager", "TekkenModManager\TekkenModManager.csproj", "{4DEF9FE4-C13A-44EE-BDE3-2C448BABAFA9}"
EndProject
Global
	GlobalSection(SolutionConfigurationPlatforms) = preSolution
		Debug|Any CPU = Debug|Any CPU
		Release|Any CPU = Release|Any CPU
	EndGlobalSection
	GlobalSection(ProjectConfigurationPlatforms) = postSolution
		{4DEF9FE4-C13A-44EE-BDE3-2C448BABAFA9}.Debug|Any CPU.ActiveCfg = Debug|Any CPU
		{4DEF9FE4-C13A-44EE-BDE3-2C448BABAFA9}.Debug|Any CPU.Build.0 = Debug|Any CPU
		{4DEF9FE4-C13A-44EE-BDE3-2C448BABAFA9}.Debug|Any CPU.Deploy.0 = Debug|Any CPU
		{4DEF9FE4-C13A-44EE-BDE3-2C448BABAFA9}.Release|Any CPU.ActiveCfg = Release|Any CPU
		{4DEF9FE4-C13A-44EE-BDE3-2C448BABAFA9}.Release|Any CPU.Build.0 = Release|Any CPU
		{4DEF9FE4-C13A-44EE-BDE3-2C448BABAFA9}.Release|Any CPU.Deploy.0 = Release|Any CPU
	EndGlobalSection
	GlobalSection(SolutionProperties) = preSolution
		HideSolutionNode = FALSE
	EndGlobalSection
	GlobalSection(ExtensibilityGlobals) = postSolution
		SolutionGuid = {69590570-7B5D-44FE-ADDE-2C73DB463937}
	EndGlobalSection
EndGlobal
